
Microsoft Visual Studio Solution File, Format Version 12.00
Project("{FAE04EC0-301F-11D3-BF4B-00C04F79EFBC}") = "Basic", "Basic\Basic.csproj", "{536E60C4-FA33-468A-B728-F61E388AAA6D}"
EndProject
Project("{FAE04EC0-301F-11D3-BF4B-00C04F79EFBC}") = "IdentityExample", "IdentityExample\IdentityExample.csproj", "{9532D62B-7B13-49E3-92F2-199433165312}"
EndProject
Project("{FAE04EC0-301F-11D3-BF4B-00C04F79EFBC}") = "GrandmaAuthLib", "GrandmaAuthLib\GrandmaAuthLib.csproj", "{63DD05CF-031E-40A3-AE17-B90A062C4A41}"
EndProject
Project("{FAE04EC0-301F-11D3-BF4B-00C04F79EFBC}") = "ExampleOAuthServer", "ExampleOAuthServer\ExampleOAuthServer.csproj", "{1D818287-4B05-4229-B32B-E523EA064831}"
EndProject
Project("{FAE04EC0-301F-11D3-BF4B-00C04F79EFBC}") = "ExampleOAuthClient", "ExampleOAuthClient\ExampleOAuthClient.csproj", "{455F6DCC-8FEA-490A-BF8E-78BDFCB66341}"
EndProject
Project("{FAE04EC0-301F-11D3-BF4B-00C04F79EFBC}") = "ExampleApi", "ExampleApi\ExampleApi.csproj", "{80B8B804-AEBB-4224-B605-3C6239A9A673}"
EndProject
Project("{2150E333-8FDC-42A3-9474-1A3956D46DE8}") = "Custom", "Custom", "{16709781-8F6F-4257-A3AE-6501C6FDD9F5}"
EndProject
Project("{2150E333-8FDC-42A3-9474-1A3956D46DE8}") = "IdentityServer4", "IdentityServer4", "{47B09EEC-C53E-4499-83BD-F96AB43ED89A}"
EndProject
Project("{FAE04EC0-301F-11D3-BF4B-00C04F79EFBC}") = "IdentityService", "IdentityService\IdentityService.csproj", "{D991D405-37F9-41CA-90E8-367A754AF026}"
EndProject
Project("{FAE04EC0-301F-11D3-BF4B-00C04F79EFBC}") = "ApiOne", "ApiOne\ApiOne.csproj", "{A07276B2-ECB1-414A-BA77-196BAAF0AC44}"
EndProject
Project("{FAE04EC0-301F-11D3-BF4B-00C04F79EFBC}") = "ApiTwo", "ApiTwo\ApiTwo.csproj", "{2F86F901-80B1-4F82-AD3D-D85C7DB5A082}"
EndProject
Project("{FAE04EC0-301F-11D3-BF4B-00C04F79EFBC}") = "SecuredWebApp", "SecuredWebApp\SecuredWebApp.csproj", "{50A4ACB8-615E-4969-AC55-D7648AD19C25}"
EndProject
Project("{FAE04EC0-301F-11D3-BF4B-00C04F79EFBC}") = "SecuredJsWebApp", "SecuredJsWebApp\SecuredJsWebApp.csproj", "{C3E86D2A-072D-432D-AF20-FD28CD589D7E}"
EndProject
Global
	GlobalSection(SolutionConfigurationPlatforms) = preSolution
		Debug|Any CPU = Debug|Any CPU
		Release|Any CPU = Release|Any CPU
	EndGlobalSection
	GlobalSection(ProjectConfigurationPlatforms) = postSolution
		{536E60C4-FA33-468A-B728-F61E388AAA6D}.Debug|Any CPU.ActiveCfg = Debug|Any CPU
		{536E60C4-FA33-468A-B728-F61E388AAA6D}.Debug|Any CPU.Build.0 = Debug|Any CPU
		{536E60C4-FA33-468A-B728-F61E388AAA6D}.Release|Any CPU.ActiveCfg = Release|Any CPU
		{536E60C4-FA33-468A-B728-F61E388AAA6D}.Release|Any CPU.Build.0 = Release|Any CPU
		{9532D62B-7B13-49E3-92F2-199433165312}.Debug|Any CPU.ActiveCfg = Debug|Any CPU
		{9532D62B-7B13-49E3-92F2-199433165312}.Debug|Any CPU.Build.0 = Debug|Any CPU
		{9532D62B-7B13-49E3-92F2-199433165312}.Release|Any CPU.ActiveCfg = Release|Any CPU
		{9532D62B-7B13-49E3-92F2-199433165312}.Release|Any CPU.Build.0 = Release|Any CPU
		{63DD05CF-031E-40A3-AE17-B90A062C4A41}.Debug|Any CPU.ActiveCfg = Debug|Any CPU
		{63DD05CF-031E-40A3-AE17-B90A062C4A41}.Debug|Any CPU.Build.0 = Debug|Any CPU
		{63DD05CF-031E-40A3-AE17-B90A062C4A41}.Release|Any CPU.ActiveCfg = Release|Any CPU
		{63DD05CF-031E-40A3-AE17-B90A062C4A41}.Release|Any CPU.Build.0 = Release|Any CPU
		{1D818287-4B05-4229-B32B-E523EA064831}.Debug|Any CPU.ActiveCfg = Debug|Any CPU
		{1D818287-4B05-4229-B32B-E523EA064831}.Debug|Any CPU.Build.0 = Debug|Any CPU
		{1D818287-4B05-4229-B32B-E523EA064831}.Release|Any CPU.ActiveCfg = Release|Any CPU
		{1D818287-4B05-4229-B32B-E523EA064831}.Release|Any CPU.Build.0 = Release|Any CPU
		{455F6DCC-8FEA-490A-BF8E-78BDFCB66341}.Debug|Any CPU.ActiveCfg = Debug|Any CPU
		{455F6DCC-8FEA-490A-BF8E-78BDFCB66341}.Debug|Any CPU.Build.0 = Debug|Any CPU
		{455F6DCC-8FEA-490A-BF8E-78BDFCB66341}.Release|Any CPU.ActiveCfg = Release|Any CPU
		{455F6DCC-8FEA-490A-BF8E-78BDFCB66341}.Release|Any CPU.Build.0 = Release|Any CPU
		{80B8B804-AEBB-4224-B605-3C6239A9A673}.Debug|Any CPU.ActiveCfg = Debug|Any CPU
		{80B8B804-AEBB-4224-B605-3C6239A9A673}.Debug|Any CPU.Build.0 = Debug|Any CPU
		{80B8B804-AEBB-4224-B605-3C6239A9A673}.Release|Any CPU.ActiveCfg = Release|Any CPU
		{80B8B804-AEBB-4224-B605-3C6239A9A673}.Release|Any CPU.Build.0 = Release|Any CPU
		{D991D405-37F9-41CA-90E8-367A754AF026}.Debug|Any CPU.ActiveCfg = Debug|Any CPU
		{D991D405-37F9-41CA-90E8-367A754AF026}.Debug|Any CPU.Build.0 = Debug|Any CPU
		{D991D405-37F9-41CA-90E8-367A754AF026}.Release|Any CPU.ActiveCfg = Release|Any CPU
		{D991D405-37F9-41CA-90E8-367A754AF026}.Release|Any CPU.Build.0 = Release|Any CPU
		{A07276B2-ECB1-414A-BA77-196BAAF0AC44}.Debug|Any CPU.ActiveCfg = Debug|Any CPU
		{A07276B2-ECB1-414A-BA77-196BAAF0AC44}.Debug|Any CPU.Build.0 = Debug|Any CPU
		{A07276B2-ECB1-414A-BA77-196BAAF0AC44}.Release|Any CPU.ActiveCfg = Release|Any CPU
		{A07276B2-ECB1-414A-BA77-196BAAF0AC44}.Release|Any CPU.Build.0 = Release|Any CPU
		{2F86F901-80B1-4F82-AD3D-D85C7DB5A082}.Debug|Any CPU.ActiveCfg = Debug|Any CPU
		{2F86F901-80B1-4F82-AD3D-D85C7DB5A082}.Debug|Any CPU.Build.0 = Debug|Any CPU
		{2F86F901-80B1-4F82-AD3D-D85C7DB5A082}.Release|Any CPU.ActiveCfg = Release|Any CPU
		{2F86F901-80B1-4F82-AD3D-D85C7DB5A082}.Release|Any CPU.Build.0 = Release|Any CPU
		{50A4ACB8-615E-4969-AC55-D7648AD19C25}.Debug|Any CPU.ActiveCfg = Debug|Any CPU
		{50A4ACB8-615E-4969-AC55-D7648AD19C25}.Debug|Any CPU.Build.0 = Debug|Any CPU
		{50A4ACB8-615E-4969-AC55-D7648AD19C25}.Release|Any CPU.ActiveCfg = Release|Any CPU
		{50A4ACB8-615E-4969-AC55-D7648AD19C25}.Release|Any CPU.Build.0 = Release|Any CPU
		{C3E86D2A-072D-432D-AF20-FD28CD589D7E}.Debug|Any CPU.ActiveCfg = Debug|Any CPU
		{C3E86D2A-072D-432D-AF20-FD28CD589D7E}.Debug|Any CPU.Build.0 = Debug|Any CPU
		{C3E86D2A-072D-432D-AF20-FD28CD589D7E}.Release|Any CPU.ActiveCfg = Release|Any CPU
		{C3E86D2A-072D-432D-AF20-FD28CD589D7E}.Release|Any CPU.Build.0 = Release|Any CPU
	EndGlobalSection
	GlobalSection(NestedProjects) = preSolution
		{536E60C4-FA33-468A-B728-F61E388AAA6D} = {16709781-8F6F-4257-A3AE-6501C6FDD9F5}
		{80B8B804-AEBB-4224-B605-3C6239A9A673} = {16709781-8F6F-4257-A3AE-6501C6FDD9F5}
		{455F6DCC-8FEA-490A-BF8E-78BDFCB66341} = {16709781-8F6F-4257-A3AE-6501C6FDD9F5}
		{1D818287-4B05-4229-B32B-E523EA064831} = {16709781-8F6F-4257-A3AE-6501C6FDD9F5}
		{63DD05CF-031E-40A3-AE17-B90A062C4A41} = {16709781-8F6F-4257-A3AE-6501C6FDD9F5}
		{9532D62B-7B13-49E3-92F2-199433165312} = {16709781-8F6F-4257-A3AE-6501C6FDD9F5}
		{D991D405-37F9-41CA-90E8-367A754AF026} = {47B09EEC-C53E-4499-83BD-F96AB43ED89A}
		{A07276B2-ECB1-414A-BA77-196BAAF0AC44} = {47B09EEC-C53E-4499-83BD-F96AB43ED89A}
		{2F86F901-80B1-4F82-AD3D-D85C7DB5A082} = {47B09EEC-C53E-4499-83BD-F96AB43ED89A}
		{50A4ACB8-615E-4969-AC55-D7648AD19C25} = {47B09EEC-C53E-4499-83BD-F96AB43ED89A}
		{C3E86D2A-072D-432D-AF20-FD28CD589D7E} = {47B09EEC-C53E-4499-83BD-F96AB43ED89A}
	EndGlobalSection
EndGlobal
